
Microsoft Visual Studio Solution File, Format Version 12.00
# Visual Studio Version 17
VisualStudioVersion = 17.9.34728.123
MinimumVisualStudioVersion = 10.0.40219.1
Project("{FAE04EC0-301F-11D3-BF4B-00C04F79EFBC}") = "webCPA", "webCPA.csproj", "{8A31BE1E-B7BB-4693-B44D-2A7E9682C8AB}"
EndProject
Global
	GlobalSection(SolutionConfigurationPlatforms) = preSolution
		Debug|Any CPU = Debug|Any CPU
		Release|Any CPU = Release|Any CPU
	EndGlobalSection
	GlobalSection(ProjectConfigurationPlatforms) = postSolution
		{8A31BE1E-B7BB-4693-B44D-2A7E9682C8AB}.Debug|Any CPU.ActiveCfg = Debug|Any CPU
		{8A31BE1E-B7BB-4693-B44D-2A7E9682C8AB}.Debug|Any CPU.Build.0 = Debug|Any CPU
		{8A31BE1E-B7BB-4693-B44D-2A7E9682C8AB}.Release|Any CPU.ActiveCfg = Release|Any CPU
		{8A31BE1E-B7BB-4693-B44D-2A7E9682C8AB}.Release|Any CPU.Build.0 = Release|Any CPU
	EndGlobalSection
	GlobalSection(SolutionProperties) = preSolution
		HideSolutionNode = FALSE
	EndGlobalSection
	GlobalSection(ExtensibilityGlobals) = postSolution
		SolutionGuid = {0AE2E796-74AC-44A8-9E93-A03CED03A3A1}
	EndGlobalSection
EndGlobal
